
Microsoft Visual Studio Solution File, Format Version 12.00
# Visual Studio Version 17
VisualStudioVersion = 17.0.32112.339
MinimumVisualStudioVersion = 10.0.40219.1
Project("{FAE04EC0-301F-11D3-BF4B-00C04F79EFBC}") = "ZadanieX", "ZadanieX.csproj", "{E5F3F528-3EB7-4ECD-97AE-35C21B8ABD09}"
EndProject
Project("{FAE04EC0-301F-11D3-BF4B-00C04F79EFBC}") = "zad2", "..\zad2\zad2.csproj", "{AA0EC1A8-5106-4A8D-8585-A185FFD42669}"
EndProject
Global
	GlobalSection(SolutionConfigurationPlatforms) = preSolution
		Debug|Any CPU = Debug|Any CPU
		Release|Any CPU = Release|Any CPU
	EndGlobalSection
	GlobalSection(ProjectConfigurationPlatforms) = postSolution
		{E5F3F528-3EB7-4ECD-97AE-35C21B8ABD09}.Debug|Any CPU.ActiveCfg = Debug|Any CPU
		{E5F3F528-3EB7-4ECD-97AE-35C21B8ABD09}.Debug|Any CPU.Build.0 = Debug|Any CPU
		{E5F3F528-3EB7-4ECD-97AE-35C21B8ABD09}.Release|Any CPU.ActiveCfg = Release|Any CPU
		{E5F3F528-3EB7-4ECD-97AE-35C21B8ABD09}.Release|Any CPU.Build.0 = Release|Any CPU
		{AA0EC1A8-5106-4A8D-8585-A185FFD42669}.Debug|Any CPU.ActiveCfg = Debug|Any CPU
		{AA0EC1A8-5106-4A8D-8585-A185FFD42669}.Debug|Any CPU.Build.0 = Debug|Any CPU
		{AA0EC1A8-5106-4A8D-8585-A185FFD42669}.Release|Any CPU.ActiveCfg = Release|Any CPU
		{AA0EC1A8-5106-4A8D-8585-A185FFD42669}.Release|Any CPU.Build.0 = Release|Any CPU
	EndGlobalSection
	GlobalSection(SolutionProperties) = preSolution
		HideSolutionNode = FALSE
	EndGlobalSection
	GlobalSection(ExtensibilityGlobals) = postSolution
		SolutionGuid = {62EA4309-6904-4DE2-B205-391A1F608D8C}
	EndGlobalSection
EndGlobal
